
Microsoft Visual Studio Solution File, Format Version 12.00
# Visual Studio Version 17
VisualStudioVersion = 17.0.31919.166
MinimumVisualStudioVersion = 10.0.40219.1
Project("{9A19103F-16F7-4668-BE54-9A1E7A4F7556}") = "Dependencies", "Dependencies\Dependencies.csproj", "{16F183F1-EA9C-4D11-B952-3AFCEE9BCDD1}"
EndProject
Project("{9A19103F-16F7-4668-BE54-9A1E7A4F7556}") = "CreationalPattern", "CreationalPattern\CreationalPattern.csproj", "{E4A1FD32-7DD6-43EC-B142-6DA9C7822A12}"
EndProject
Project("{2150E333-8FDC-42A3-9474-1A3956D46DE8}") = "Examples", "Examples", "{B11E6154-9B96-4EFC-90DA-3D9725C6CC41}"
EndProject
Project("{2150E333-8FDC-42A3-9474-1A3956D46DE8}") = "CreationalExample", "CreationalExample", "{D649B298-6FC9-45F9-9D8A-C1027EAD03B0}"
EndProject
Project("{2150E333-8FDC-42A3-9474-1A3956D46DE8}") = "StructuralExample", "StructuralExample", "{9B5E22C2-7BDC-4307-9983-FBFD5240C5CD}"
EndProject
Project("{2150E333-8FDC-42A3-9474-1A3956D46DE8}") = "BehavioralExample", "BehavioralExample", "{525A0451-D0DF-46BE-92DB-C50437E37351}"
EndProject
Project("{9A19103F-16F7-4668-BE54-9A1E7A4F7556}") = "Singleton", "Singleton\Singleton.csproj", "{1825BDF3-9A56-4361-AB95-BE1F1E9784AD}"
EndProject
Project("{9A19103F-16F7-4668-BE54-9A1E7A4F7556}") = "Builder", "Builder\Builder.csproj", "{A516CB32-42A7-4A76-8738-F019AEFA2AA1}"
EndProject
Project("{9A19103F-16F7-4668-BE54-9A1E7A4F7556}") = "AbstractFactory", "AbstractFactory\AbstractFactory.csproj", "{8B645DEB-4F2E-4D14-8C3C-848971DC20F6}"
EndProject
Project("{2150E333-8FDC-42A3-9474-1A3956D46DE8}") = "DesignPatterns", "DesignPatterns", "{A567C3B7-77BB-4598-BEA1-92CF79550AD6}"
EndProject
Project("{2150E333-8FDC-42A3-9474-1A3956D46DE8}") = "Resources", "Resources", "{48F54558-1A5A-4D59-9D50-AFF416246D28}"
EndProject
Project("{9A19103F-16F7-4668-BE54-9A1E7A4F7556}") = "FactoryMethod", "FactoryMethod\FactoryMethod.csproj", "{43E2A29A-5101-4FA8-BE75-62AAE9BB80A2}"
EndProject
Project("{9A19103F-16F7-4668-BE54-9A1E7A4F7556}") = "Prototype", "Prototype\Prototype.csproj", "{B7CF4614-53F6-42E4-B463-91D9FD7BEFA9}"
EndProject
Project("{9A19103F-16F7-4668-BE54-9A1E7A4F7556}") = "StructuralPattern", "StructuralPattern\StructuralPattern.csproj", "{8025B942-AF43-4E52-9B78-6E86F48BD343}"
EndProject
Project("{9A19103F-16F7-4668-BE54-9A1E7A4F7556}") = "Adapter", "Adapter\Adapter.csproj", "{36010440-E255-46ED-9562-B97C30178909}"
EndProject
Project("{9A19103F-16F7-4668-BE54-9A1E7A4F7556}") = "Bridge", "Bridge\Bridge.csproj", "{6A92D03A-00DF-4702-92E9-53B495CDB4BB}"
EndProject
Project("{9A19103F-16F7-4668-BE54-9A1E7A4F7556}") = "Composite", "Composite\Composite.csproj", "{6EA735DD-0779-4FCE-9923-D6AD1947A2FB}"
EndProject
Project("{9A19103F-16F7-4668-BE54-9A1E7A4F7556}") = "Decorator", "Decorator\Decorator.csproj", "{DEC1B23E-4BA7-4CB2-A77F-B32D1E1B3AD4}"
EndProject
Project("{FAE04EC0-301F-11D3-BF4B-00C04F79EFBC}") = "FlyWeight", "FlyWeight\FlyWeight.csproj", "{A5E371A8-3BA5-4CAE-8F5C-A007ED0D70BA}"
EndProject
Project("{FAE04EC0-301F-11D3-BF4B-00C04F79EFBC}") = "Proxy", "Proxy\Proxy.csproj", "{AC63552E-4CDB-40D1-9BF2-F817CA2053DC}"
EndProject
Project("{FAE04EC0-301F-11D3-BF4B-00C04F79EFBC}") = "Facade", "Facade\Facade.csproj", "{B411D31E-6C1C-45CF-99EF-109CFE1D6ABF}"
EndProject
Global
	GlobalSection(SolutionConfigurationPlatforms) = preSolution
		Debug|Any CPU = Debug|Any CPU
		Release|Any CPU = Release|Any CPU
	EndGlobalSection
	GlobalSection(ProjectConfigurationPlatforms) = postSolution
		{16F183F1-EA9C-4D11-B952-3AFCEE9BCDD1}.Debug|Any CPU.ActiveCfg = Debug|Any CPU
		{16F183F1-EA9C-4D11-B952-3AFCEE9BCDD1}.Debug|Any CPU.Build.0 = Debug|Any CPU
		{16F183F1-EA9C-4D11-B952-3AFCEE9BCDD1}.Release|Any CPU.ActiveCfg = Release|Any CPU
		{16F183F1-EA9C-4D11-B952-3AFCEE9BCDD1}.Release|Any CPU.Build.0 = Release|Any CPU
		{E4A1FD32-7DD6-43EC-B142-6DA9C7822A12}.Debug|Any CPU.ActiveCfg = Debug|Any CPU
		{E4A1FD32-7DD6-43EC-B142-6DA9C7822A12}.Debug|Any CPU.Build.0 = Debug|Any CPU
		{E4A1FD32-7DD6-43EC-B142-6DA9C7822A12}.Release|Any CPU.ActiveCfg = Release|Any CPU
		{E4A1FD32-7DD6-43EC-B142-6DA9C7822A12}.Release|Any CPU.Build.0 = Release|Any CPU
		{1825BDF3-9A56-4361-AB95-BE1F1E9784AD}.Debug|Any CPU.ActiveCfg = Debug|Any CPU
		{1825BDF3-9A56-4361-AB95-BE1F1E9784AD}.Debug|Any CPU.Build.0 = Debug|Any CPU
		{1825BDF3-9A56-4361-AB95-BE1F1E9784AD}.Release|Any CPU.ActiveCfg = Release|Any CPU
		{1825BDF3-9A56-4361-AB95-BE1F1E9784AD}.Release|Any CPU.Build.0 = Release|Any CPU
		{A516CB32-42A7-4A76-8738-F019AEFA2AA1}.Debug|Any CPU.ActiveCfg = Debug|Any CPU
		{A516CB32-42A7-4A76-8738-F019AEFA2AA1}.Debug|Any CPU.Build.0 = Debug|Any CPU
		{A516CB32-42A7-4A76-8738-F019AEFA2AA1}.Release|Any CPU.ActiveCfg = Release|Any CPU
		{A516CB32-42A7-4A76-8738-F019AEFA2AA1}.Release|Any CPU.Build.0 = Release|Any CPU
		{8B645DEB-4F2E-4D14-8C3C-848971DC20F6}.Debug|Any CPU.ActiveCfg = Debug|Any CPU
		{8B645DEB-4F2E-4D14-8C3C-848971DC20F6}.Debug|Any CPU.Build.0 = Debug|Any CPU
		{8B645DEB-4F2E-4D14-8C3C-848971DC20F6}.Release|Any CPU.ActiveCfg = Release|Any CPU
		{8B645DEB-4F2E-4D14-8C3C-848971DC20F6}.Release|Any CPU.Build.0 = Release|Any CPU
		{43E2A29A-5101-4FA8-BE75-62AAE9BB80A2}.Debug|Any CPU.ActiveCfg = Debug|Any CPU
		{43E2A29A-5101-4FA8-BE75-62AAE9BB80A2}.Debug|Any CPU.Build.0 = Debug|Any CPU
		{43E2A29A-5101-4FA8-BE75-62AAE9BB80A2}.Release|Any CPU.ActiveCfg = Release|Any CPU
		{43E2A29A-5101-4FA8-BE75-62AAE9BB80A2}.Release|Any CPU.Build.0 = Release|Any CPU
		{B7CF4614-53F6-42E4-B463-91D9FD7BEFA9}.Debug|Any CPU.ActiveCfg = Debug|Any CPU
		{B7CF4614-53F6-42E4-B463-91D9FD7BEFA9}.Debug|Any CPU.Build.0 = Debug|Any CPU
		{B7CF4614-53F6-42E4-B463-91D9FD7BEFA9}.Release|Any CPU.ActiveCfg = Release|Any CPU
		{B7CF4614-53F6-42E4-B463-91D9FD7BEFA9}.Release|Any CPU.Build.0 = Release|Any CPU
		{8025B942-AF43-4E52-9B78-6E86F48BD343}.Debug|Any CPU.ActiveCfg = Debug|Any CPU
		{8025B942-AF43-4E52-9B78-6E86F48BD343}.Debug|Any CPU.Build.0 = Debug|Any CPU
		{8025B942-AF43-4E52-9B78-6E86F48BD343}.Release|Any CPU.ActiveCfg = Release|Any CPU
		{8025B942-AF43-4E52-9B78-6E86F48BD343}.Release|Any CPU.Build.0 = Release|Any CPU
		{36010440-E255-46ED-9562-B97C30178909}.Debug|Any CPU.ActiveCfg = Debug|Any CPU
		{36010440-E255-46ED-9562-B97C30178909}.Debug|Any CPU.Build.0 = Debug|Any CPU
		{36010440-E255-46ED-9562-B97C30178909}.Release|Any CPU.ActiveCfg = Release|Any CPU
		{36010440-E255-46ED-9562-B97C30178909}.Release|Any CPU.Build.0 = Release|Any CPU
		{6A92D03A-00DF-4702-92E9-53B495CDB4BB}.Debug|Any CPU.ActiveCfg = Debug|Any CPU
		{6A92D03A-00DF-4702-92E9-53B495CDB4BB}.Debug|Any CPU.Build.0 = Debug|Any CPU
		{6A92D03A-00DF-4702-92E9-53B495CDB4BB}.Release|Any CPU.ActiveCfg = Release|Any CPU
		{6A92D03A-00DF-4702-92E9-53B495CDB4BB}.Release|Any CPU.Build.0 = Release|Any CPU
		{6EA735DD-0779-4FCE-9923-D6AD1947A2FB}.Debug|Any CPU.ActiveCfg = Debug|Any CPU
		{6EA735DD-0779-4FCE-9923-D6AD1947A2FB}.Debug|Any CPU.Build.0 = Debug|Any CPU
		{6EA735DD-0779-4FCE-9923-D6AD1947A2FB}.Release|Any CPU.ActiveCfg = Release|Any CPU
		{6EA735DD-0779-4FCE-9923-D6AD1947A2FB}.Release|Any CPU.Build.0 = Release|Any CPU
		{DEC1B23E-4BA7-4CB2-A77F-B32D1E1B3AD4}.Debug|Any CPU.ActiveCfg = Debug|Any CPU
		{DEC1B23E-4BA7-4CB2-A77F-B32D1E1B3AD4}.Debug|Any CPU.Build.0 = Debug|Any CPU
		{DEC1B23E-4BA7-4CB2-A77F-B32D1E1B3AD4}.Release|Any CPU.ActiveCfg = Release|Any CPU
		{DEC1B23E-4BA7-4CB2-A77F-B32D1E1B3AD4}.Release|Any CPU.Build.0 = Release|Any CPU
		{A5E371A8-3BA5-4CAE-8F5C-A007ED0D70BA}.Debug|Any CPU.ActiveCfg = Debug|Any CPU
		{A5E371A8-3BA5-4CAE-8F5C-A007ED0D70BA}.Debug|Any CPU.Build.0 = Debug|Any CPU
		{A5E371A8-3BA5-4CAE-8F5C-A007ED0D70BA}.Release|Any CPU.ActiveCfg = Release|Any CPU
		{A5E371A8-3BA5-4CAE-8F5C-A007ED0D70BA}.Release|Any CPU.Build.0 = Release|Any CPU
		{AC63552E-4CDB-40D1-9BF2-F817CA2053DC}.Debug|Any CPU.ActiveCfg = Debug|Any CPU
		{AC63552E-4CDB-40D1-9BF2-F817CA2053DC}.Debug|Any CPU.Build.0 = Debug|Any CPU
		{AC63552E-4CDB-40D1-9BF2-F817CA2053DC}.Release|Any CPU.ActiveCfg = Release|Any CPU
		{AC63552E-4CDB-40D1-9BF2-F817CA2053DC}.Release|Any CPU.Build.0 = Release|Any CPU
		{B411D31E-6C1C-45CF-99EF-109CFE1D6ABF}.Debug|Any CPU.ActiveCfg = Debug|Any CPU
		{B411D31E-6C1C-45CF-99EF-109CFE1D6ABF}.Debug|Any CPU.Build.0 = Debug|Any CPU
		{B411D31E-6C1C-45CF-99EF-109CFE1D6ABF}.Release|Any CPU.ActiveCfg = Release|Any CPU
		{B411D31E-6C1C-45CF-99EF-109CFE1D6ABF}.Release|Any CPU.Build.0 = Release|Any CPU
	EndGlobalSection
	GlobalSection(SolutionProperties) = preSolution
		HideSolutionNode = FALSE
	EndGlobalSection
	GlobalSection(NestedProjects) = preSolution
		{16F183F1-EA9C-4D11-B952-3AFCEE9BCDD1} = {48F54558-1A5A-4D59-9D50-AFF416246D28}
		{E4A1FD32-7DD6-43EC-B142-6DA9C7822A12} = {A567C3B7-77BB-4598-BEA1-92CF79550AD6}
		{D649B298-6FC9-45F9-9D8A-C1027EAD03B0} = {B11E6154-9B96-4EFC-90DA-3D9725C6CC41}
		{9B5E22C2-7BDC-4307-9983-FBFD5240C5CD} = {B11E6154-9B96-4EFC-90DA-3D9725C6CC41}
		{525A0451-D0DF-46BE-92DB-C50437E37351} = {B11E6154-9B96-4EFC-90DA-3D9725C6CC41}
		{1825BDF3-9A56-4361-AB95-BE1F1E9784AD} = {D649B298-6FC9-45F9-9D8A-C1027EAD03B0}
		{A516CB32-42A7-4A76-8738-F019AEFA2AA1} = {D649B298-6FC9-45F9-9D8A-C1027EAD03B0}
		{8B645DEB-4F2E-4D14-8C3C-848971DC20F6} = {D649B298-6FC9-45F9-9D8A-C1027EAD03B0}
		{43E2A29A-5101-4FA8-BE75-62AAE9BB80A2} = {D649B298-6FC9-45F9-9D8A-C1027EAD03B0}
		{B7CF4614-53F6-42E4-B463-91D9FD7BEFA9} = {D649B298-6FC9-45F9-9D8A-C1027EAD03B0}
		{8025B942-AF43-4E52-9B78-6E86F48BD343} = {A567C3B7-77BB-4598-BEA1-92CF79550AD6}
		{36010440-E255-46ED-9562-B97C30178909} = {9B5E22C2-7BDC-4307-9983-FBFD5240C5CD}
		{6A92D03A-00DF-4702-92E9-53B495CDB4BB} = {9B5E22C2-7BDC-4307-9983-FBFD5240C5CD}
		{6EA735DD-0779-4FCE-9923-D6AD1947A2FB} = {9B5E22C2-7BDC-4307-9983-FBFD5240C5CD}
		{DEC1B23E-4BA7-4CB2-A77F-B32D1E1B3AD4} = {9B5E22C2-7BDC-4307-9983-FBFD5240C5CD}
		{A5E371A8-3BA5-4CAE-8F5C-A007ED0D70BA} = {9B5E22C2-7BDC-4307-9983-FBFD5240C5CD}
		{AC63552E-4CDB-40D1-9BF2-F817CA2053DC} = {9B5E22C2-7BDC-4307-9983-FBFD5240C5CD}
		{B411D31E-6C1C-45CF-99EF-109CFE1D6ABF} = {9B5E22C2-7BDC-4307-9983-FBFD5240C5CD}
	EndGlobalSection
	GlobalSection(ExtensibilityGlobals) = postSolution
		SolutionGuid = {CF01CE1C-D552-4DC2-98FF-23901DC3AF06}
	EndGlobalSection
EndGlobal
